
Microsoft Visual Studio Solution File, Format Version 12.00
# Visual Studio Version 17
VisualStudioVersion = 17.14.36221.1
MinimumVisualStudioVersion = 10.0.40219.1
Project("{FAE04EC0-301F-11D3-BF4B-00C04F79EFBC}") = "ASP.NET Core Web API", "ASP.NET Core Web API\ASP.NET Core Web API.csproj", "{00876FF6-0619-4FBA-BB60-584668A36A52}"
EndProject
Project("{FAE04EC0-301F-11D3-BF4B-00C04F79EFBC}") = "Client", "Client\Client.csproj", "{8B57A267-D709-4593-AAEF-9F087E3F6FA1}"
EndProject
Global
	GlobalSection(SolutionConfigurationPlatforms) = preSolution
		Debug|Any CPU = Debug|Any CPU
		Release|Any CPU = Release|Any CPU
	EndGlobalSection
	GlobalSection(ProjectConfigurationPlatforms) = postSolution
		{00876FF6-0619-4FBA-BB60-584668A36A52}.Debug|Any CPU.ActiveCfg = Debug|Any CPU
		{00876FF6-0619-4FBA-BB60-584668A36A52}.Debug|Any CPU.Build.0 = Debug|Any CPU
		{00876FF6-0619-4FBA-BB60-584668A36A52}.Release|Any CPU.ActiveCfg = Release|Any CPU
		{00876FF6-0619-4FBA-BB60-584668A36A52}.Release|Any CPU.Build.0 = Release|Any CPU
		{8B57A267-D709-4593-AAEF-9F087E3F6FA1}.Debug|Any CPU.ActiveCfg = Debug|Any CPU
		{8B57A267-D709-4593-AAEF-9F087E3F6FA1}.Debug|Any CPU.Build.0 = Debug|Any CPU
		{8B57A267-D709-4593-AAEF-9F087E3F6FA1}.Release|Any CPU.ActiveCfg = Release|Any CPU
		{8B57A267-D709-4593-AAEF-9F087E3F6FA1}.Release|Any CPU.Build.0 = Release|Any CPU
	EndGlobalSection
	GlobalSection(SolutionProperties) = preSolution
		HideSolutionNode = FALSE
	EndGlobalSection
	GlobalSection(ExtensibilityGlobals) = postSolution
		SolutionGuid = {F4B23B76-D7BC-4BF7-A744-1946C84D6E8B}
	EndGlobalSection
EndGlobal
